// !$*UTF8*$!
{
	archiveVersion = 1;
	classes = {
	};
	objectVersion = 56;
	objects = {

/* Begin PBXBuildFile section */
		352D78612C94230F00C6D1A3 /* MeteoApp.swift in Sources */ = {isa = PBXBuildFile; fileRef = 352D78602C94230F00C6D1A3 /* MeteoApp.swift */; };
		352D78632C94230F00C6D1A3 /* ContentView.swift in Sources */ = {isa = PBXBuildFile; fileRef = 352D78622C94230F00C6D1A3 /* ContentView.swift */; };
		352D78652C94231200C6D1A3 /* Assets.xcassets in Resources */ = {isa = PBXBuildFile; fileRef = 352D78642C94231200C6D1A3 /* Assets.xcassets */; };
		352D78682C94231200C6D1A3 /* Preview Assets.xcassets in Resources */ = {isa = PBXBuildFile; fileRef = 352D78672C94231200C6D1A3 /* Preview Assets.xcassets */; };
		352D78722C94231200C6D1A3 /* MeteoTests.swift in Sources */ = {isa = PBXBuildFile; fileRef = 352D78712C94231200C6D1A3 /* MeteoTests.swift */; };
		352D787C2C94231200C6D1A3 /* MeteoUITests.swift in Sources */ = {isa = PBXBuildFile; fileRef = 352D787B2C94231200C6D1A3 /* MeteoUITests.swift */; };
		352D787E2C94231200C6D1A3 /* MeteoUITestsLaunchTests.swift in Sources */ = {isa = PBXBuildFile; fileRef = 352D787D2C94231200C6D1A3 /* MeteoUITestsLaunchTests.swift */; };
		353B66CF2C94855A0085238D /* API.swift in Sources */ = {isa = PBXBuildFile; fileRef = 353B66CE2C94855A0085238D /* API.swift */; };
		353B66D12C9486700085238D /* API+Extensions.swift in Sources */ = {isa = PBXBuildFile; fileRef = 353B66D02C9486700085238D /* API+Extensions.swift */; };
		353B66D32C94901A0085238D /* NetworkManager.swift in Sources */ = {isa = PBXBuildFile; fileRef = 353B66D22C94901A0085238D /* NetworkManager.swift */; };
		35E7F1B62CA696160003C709 /* WeatherResponse.swift in Sources */ = {isa = PBXBuildFile; fileRef = 35E7F1B52CA696160003C709 /* WeatherResponse.swift */; };
		35E7F1B82CA697630003C709 /* Weather.swift in Sources */ = {isa = PBXBuildFile; fileRef = 35E7F1B72CA697630003C709 /* Weather.swift */; };
		35E7F1BA2CA6977E0003C709 /* WeatherDetail.swift in Sources */ = {isa = PBXBuildFile; fileRef = 35E7F1B92CA6977E0003C709 /* WeatherDetail.swift */; };
		35E7F1BC2CA697980003C709 /* DailyWeather.swift in Sources */ = {isa = PBXBuildFile; fileRef = 35E7F1BB2CA697980003C709 /* DailyWeather.swift */; };
		35E7F1BE2CA6982E0003C709 /* Temperature.swift in Sources */ = {isa = PBXBuildFile; fileRef = 35E7F1BD2CA6982E0003C709 /* Temperature.swift */; };
/* End PBXBuildFile section */

/* Begin PBXContainerItemProxy section */
		352D786E2C94231200C6D1A3 /* PBXContainerItemProxy */ = {
			isa = PBXContainerItemProxy;
			containerPortal = 352D78552C94230F00C6D1A3 /* Project object */;
			proxyType = 1;
			remoteGlobalIDString = 352D785C2C94230F00C6D1A3;
			remoteInfo = Meteo;
		};
		352D78782C94231200C6D1A3 /* PBXContainerItemProxy */ = {
			isa = PBXContainerItemProxy;
			containerPortal = 352D78552C94230F00C6D1A3 /* Project object */;
			proxyType = 1;
			remoteGlobalIDString = 352D785C2C94230F00C6D1A3;
			remoteInfo = Meteo;
		};
/* End PBXContainerItemProxy section */

/* Begin PBXFileReference section */
		352D785D2C94230F00C6D1A3 /* Meteo.app */ = {isa = PBXFileReference; explicitFileType = wrapper.application; includeInIndex = 0; path = Meteo.app; sourceTree = BUILT_PRODUCTS_DIR; };
		352D78602C94230F00C6D1A3 /* MeteoApp.swift */ = {isa = PBXFileReference; lastKnownFileType = sourcecode.swift; path = MeteoApp.swift; sourceTree = "<group>"; };
		352D78622C94230F00C6D1A3 /* ContentView.swift */ = {isa = PBXFileReference; lastKnownFileType = sourcecode.swift; path = ContentView.swift; sourceTree = "<group>"; };
		352D78642C94231200C6D1A3 /* Assets.xcassets */ = {isa = PBXFileReference; lastKnownFileType = folder.assetcatalog; path = Assets.xcassets; sourceTree = "<group>"; };
		352D78672C94231200C6D1A3 /* Preview Assets.xcassets */ = {isa = PBXFileReference; lastKnownFileType = folder.assetcatalog; path = "Preview Assets.xcassets"; sourceTree = "<group>"; };
		352D786D2C94231200C6D1A3 /* MeteoTests.xctest */ = {isa = PBXFileReference; explicitFileType = wrapper.cfbundle; includeInIndex = 0; path = MeteoTests.xctest; sourceTree = BUILT_PRODUCTS_DIR; };
		352D78712C94231200C6D1A3 /* MeteoTests.swift */ = {isa = PBXFileReference; lastKnownFileType = sourcecode.swift; path = MeteoTests.swift; sourceTree = "<group>"; };
		352D78772C94231200C6D1A3 /* MeteoUITests.xctest */ = {isa = PBXFileReference; explicitFileType = wrapper.cfbundle; includeInIndex = 0; path = MeteoUITests.xctest; sourceTree = BUILT_PRODUCTS_DIR; };
		352D787B2C94231200C6D1A3 /* MeteoUITests.swift */ = {isa = PBXFileReference; lastKnownFileType = sourcecode.swift; path = MeteoUITests.swift; sourceTree = "<group>"; };
		352D787D2C94231200C6D1A3 /* MeteoUITestsLaunchTests.swift */ = {isa = PBXFileReference; lastKnownFileType = sourcecode.swift; path = MeteoUITestsLaunchTests.swift; sourceTree = "<group>"; };
		353B66CE2C94855A0085238D /* API.swift */ = {isa = PBXFileReference; lastKnownFileType = sourcecode.swift; path = API.swift; sourceTree = "<group>"; };
		353B66D02C9486700085238D /* API+Extensions.swift */ = {isa = PBXFileReference; lastKnownFileType = sourcecode.swift; path = "API+Extensions.swift"; sourceTree = "<group>"; };
		353B66D22C94901A0085238D /* NetworkManager.swift */ = {isa = PBXFileReference; lastKnownFileType = sourcecode.swift; path = NetworkManager.swift; sourceTree = "<group>"; };
		35E7F1B52CA696160003C709 /* WeatherResponse.swift */ = {isa = PBXFileReference; lastKnownFileType = sourcecode.swift; path = WeatherResponse.swift; sourceTree = "<group>"; };
		35E7F1B72CA697630003C709 /* Weather.swift */ = {isa = PBXFileReference; lastKnownFileType = sourcecode.swift; path = Weather.swift; sourceTree = "<group>"; };
		35E7F1B92CA6977E0003C709 /* WeatherDetail.swift */ = {isa = PBXFileReference; lastKnownFileType = sourcecode.swift; path = WeatherDetail.swift; sourceTree = "<group>"; };
		35E7F1BB2CA697980003C709 /* DailyWeather.swift */ = {isa = PBXFileReference; lastKnownFileType = sourcecode.swift; path = DailyWeather.swift; sourceTree = "<group>"; };
		35E7F1BD2CA6982E0003C709 /* Temperature.swift */ = {isa = PBXFileReference; lastKnownFileType = sourcecode.swift; path = Temperature.swift; sourceTree = "<group>"; };
/* End PBXFileReference section */

/* Begin PBXFrameworksBuildPhase section */
		352D785A2C94230F00C6D1A3 /* Frameworks */ = {
			isa = PBXFrameworksBuildPhase;
			buildActionMask = 2147483647;
			files = (
			);
			runOnlyForDeploymentPostprocessing = 0;
		};
		352D786A2C94231200C6D1A3 /* Frameworks */ = {
			isa = PBXFrameworksBuildPhase;
			buildActionMask = 2147483647;
			files = (
			);
			runOnlyForDeploymentPostprocessing = 0;
		};
		352D78742C94231200C6D1A3 /* Frameworks */ = {
			isa = PBXFrameworksBuildPhase;
			buildActionMask = 2147483647;
			files = (
			);
			runOnlyForDeploymentPostprocessing = 0;
		};
/* End PBXFrameworksBuildPhase section */

/* Begin PBXGroup section */
		352D78542C94230F00C6D1A3 = {
			isa = PBXGroup;
			children = (
				352D785F2C94230F00C6D1A3 /* Meteo */,
				352D78702C94231200C6D1A3 /* MeteoTests */,
				352D787A2C94231200C6D1A3 /* MeteoUITests */,
				352D785E2C94230F00C6D1A3 /* Products */,
			);
			sourceTree = "<group>";
		};
		352D785E2C94230F00C6D1A3 /* Products */ = {
			isa = PBXGroup;
			children = (
				352D785D2C94230F00C6D1A3 /* Meteo.app */,
				352D786D2C94231200C6D1A3 /* MeteoTests.xctest */,
				352D78772C94231200C6D1A3 /* MeteoUITests.xctest */,
			);
			name = Products;
			sourceTree = "<group>";
		};
		352D785F2C94230F00C6D1A3 /* Meteo */ = {
			isa = PBXGroup;
			children = (
				353B66CD2C9484CF0085238D /* LottieAnimations */,
				353B66CC2C9484360085238D /* ViewModels */,
				353B66CB2C94842C0085238D /* Views */,
				353B66CA2C9484260085238D /* Models */,
				353B66C92C9483DB0085238D /* Networking */,
				352D78602C94230F00C6D1A3 /* MeteoApp.swift */,
				352D78622C94230F00C6D1A3 /* ContentView.swift */,
				352D78642C94231200C6D1A3 /* Assets.xcassets */,
				352D78662C94231200C6D1A3 /* Preview Content */,
			);
			path = Meteo;
			sourceTree = "<group>";
		};
		352D78662C94231200C6D1A3 /* Preview Content */ = {
			isa = PBXGroup;
			children = (
				352D78672C94231200C6D1A3 /* Preview Assets.xcassets */,
			);
			path = "Preview Content";
			sourceTree = "<group>";
		};
		352D78702C94231200C6D1A3 /* MeteoTests */ = {
			isa = PBXGroup;
			children = (
				352D78712C94231200C6D1A3 /* MeteoTests.swift */,
			);
			path = MeteoTests;
			sourceTree = "<group>";
		};
		352D787A2C94231200C6D1A3 /* MeteoUITests */ = {
			isa = PBXGroup;
			children = (
				352D787B2C94231200C6D1A3 /* MeteoUITests.swift */,
				352D787D2C94231200C6D1A3 /* MeteoUITestsLaunchTests.swift */,
			);
			path = MeteoUITests;
			sourceTree = "<group>";
		};
		353B66C92C9483DB0085238D /* Networking */ = {
			isa = PBXGroup;
			children = (
				353B66CE2C94855A0085238D /* API.swift */,
				353B66D02C9486700085238D /* API+Extensions.swift */,
				353B66D22C94901A0085238D /* NetworkManager.swift */,
			);
			path = Networking;
			sourceTree = "<group>";
		};
		353B66CA2C9484260085238D /* Models */ = {
			isa = PBXGroup;
			children = (
				35E7F1B52CA696160003C709 /* WeatherResponse.swift */,
				35E7F1B72CA697630003C709 /* Weather.swift */,
				35E7F1B92CA6977E0003C709 /* WeatherDetail.swift */,
				35E7F1BB2CA697980003C709 /* DailyWeather.swift */,
				35E7F1BD2CA6982E0003C709 /* Temperature.swift */,
			);
			path = Models;
			sourceTree = "<group>";
		};
		353B66CB2C94842C0085238D /* Views */ = {
			isa = PBXGroup;
			children = (
			);
			path = Views;
			sourceTree = "<group>";
		};
		353B66CC2C9484360085238D /* ViewModels */ = {
			isa = PBXGroup;
			children = (
			);
			path = ViewModels;
			sourceTree = "<group>";
		};
		353B66CD2C9484CF0085238D /* LottieAnimations */ = {
			isa = PBXGroup;
			children = (
			);
			path = LottieAnimations;
			sourceTree = "<group>";
		};
/* End PBXGroup section */

/* Begin PBXNativeTarget section */
		352D785C2C94230F00C6D1A3 /* Meteo */ = {
			isa = PBXNativeTarget;
			buildConfigurationList = 352D78812C94231200C6D1A3 /* Build configuration list for PBXNativeTarget "Meteo" */;
			buildPhases = (
				352D78592C94230F00C6D1A3 /* Sources */,
				352D785A2C94230F00C6D1A3 /* Frameworks */,
				352D785B2C94230F00C6D1A3 /* Resources */,
			);
			buildRules = (
			);
			dependencies = (
			);
			name = Meteo;
			productName = Meteo;
			productReference = 352D785D2C94230F00C6D1A3 /* Meteo.app */;
			productType = "com.apple.product-type.application";
		};
		352D786C2C94231200C6D1A3 /* MeteoTests */ = {
			isa = PBXNativeTarget;
			buildConfigurationList = 352D78842C94231200C6D1A3 /* Build configuration list for PBXNativeTarget "MeteoTests" */;
			buildPhases = (
				352D78692C94231200C6D1A3 /* Sources */,
				352D786A2C94231200C6D1A3 /* Frameworks */,
				352D786B2C94231200C6D1A3 /* Resources */,
			);
			buildRules = (
			);
			dependencies = (
				352D786F2C94231200C6D1A3 /* PBXTargetDependency */,
			);
			name = MeteoTests;
			productName = MeteoTests;
			productReference = 352D786D2C94231200C6D1A3 /* MeteoTests.xctest */;
			productType = "com.apple.product-type.bundle.unit-test";
		};
		352D78762C94231200C6D1A3 /* MeteoUITests */ = {
			isa = PBXNativeTarget;
			buildConfigurationList = 352D78872C94231200C6D1A3 /* Build configuration list for PBXNativeTarget "MeteoUITests" */;
			buildPhases = (
				352D78732C94231200C6D1A3 /* Sources */,
				352D78742C94231200C6D1A3 /* Frameworks */,
				352D78752C94231200C6D1A3 /* Resources */,
			);
			buildRules = (
			);
			dependencies = (
				352D78792C94231200C6D1A3 /* PBXTargetDependency */,
			);
			name = MeteoUITests;
			productName = MeteoUITests;
			productReference = 352D78772C94231200C6D1A3 /* MeteoUITests.xctest */;
			productType = "com.apple.product-type.bundle.ui-testing";
		};
/* End PBXNativeTarget section */

/* Begin PBXProject section */
		352D78552C94230F00C6D1A3 /* Project object */ = {
			isa = PBXProject;
			attributes = {
				BuildIndependentTargetsInParallel = 1;
				LastSwiftUpdateCheck = 1400;
				LastUpgradeCheck = 1400;
				TargetAttributes = {
					352D785C2C94230F00C6D1A3 = {
						CreatedOnToolsVersion = 14.0.1;
					};
					352D786C2C94231200C6D1A3 = {
						CreatedOnToolsVersion = 14.0.1;
						TestTargetID = 352D785C2C94230F00C6D1A3;
					};
					352D78762C94231200C6D1A3 = {
						CreatedOnToolsVersion = 14.0.1;
						TestTargetID = 352D785C2C94230F00C6D1A3;
					};
				};
			};
			buildConfigurationList = 352D78582C94230F00C6D1A3 /* Build configuration list for PBXProject "Meteo" */;
			compatibilityVersion = "Xcode 14.0";
			developmentRegion = en;
			hasScannedForEncodings = 0;
			knownRegions = (
				en,
				Base,
			);
			mainGroup = 352D78542C94230F00C6D1A3;
			productRefGroup = 352D785E2C94230F00C6D1A3 /* Products */;
			projectDirPath = "";
			projectRoot = "";
			targets = (
				352D785C2C94230F00C6D1A3 /* Meteo */,
				352D786C2C94231200C6D1A3 /* MeteoTests */,
				352D78762C94231200C6D1A3 /* MeteoUITests */,
			);
		};
/* End PBXProject section */

/* Begin PBXResourcesBuildPhase section */
		352D785B2C94230F00C6D1A3 /* Resources */ = {
			isa = PBXResourcesBuildPhase;
			buildActionMask = 2147483647;
			files = (
				352D78682C94231200C6D1A3 /* Preview Assets.xcassets in Resources */,
				352D78652C94231200C6D1A3 /* Assets.xcassets in Resources */,
			);
			runOnlyForDeploymentPostprocessing = 0;
		};
		352D786B2C94231200C6D1A3 /* Resources */ = {
			isa = PBXResourcesBuildPhase;
			buildActionMask = 2147483647;
			files = (
			);
			runOnlyForDeploymentPostprocessing = 0;
		};
		352D78752C94231200C6D1A3 /* Resources */ = {
			isa = PBXResourcesBuildPhase;
			buildActionMask = 2147483647;
			files = (
			);
			runOnlyForDeploymentPostprocessing = 0;
		};
/* End PBXResourcesBuildPhase section */

/* Begin PBXSourcesBuildPhase section */
		352D78592C94230F00C6D1A3 /* Sources */ = {
			isa = PBXSourcesBuildPhase;
			buildActionMask = 2147483647;
			files = (
				353B66D12C9486700085238D /* API+Extensions.swift in Sources */,
				35E7F1BA2CA6977E0003C709 /* WeatherDetail.swift in Sources */,
				35E7F1B62CA696160003C709 /* WeatherResponse.swift in Sources */,
				352D78632C94230F00C6D1A3 /* ContentView.swift in Sources */,
				353B66D32C94901A0085238D /* NetworkManager.swift in Sources */,
				353B66CF2C94855A0085238D /* API.swift in Sources */,
				352D78612C94230F00C6D1A3 /* MeteoApp.swift in Sources */,
				35E7F1B82CA697630003C709 /* Weather.swift in Sources */,
				35E7F1BE2CA6982E0003C709 /* Temperature.swift in Sources */,
				35E7F1BC2CA697980003C709 /* DailyWeather.swift in Sources */,
			);
			runOnlyForDeploymentPostprocessing = 0;
		};
		352D78692C94231200C6D1A3 /* Sources */ = {
			isa = PBXSourcesBuildPhase;
			buildActionMask = 2147483647;
			files = (
				352D78722C94231200C6D1A3 /* MeteoTests.swift in Sources */,
			);
			runOnlyForDeploymentPostprocessing = 0;
		};
		352D78732C94231200C6D1A3 /* Sources */ = {
			isa = PBXSourcesBuildPhase;
			buildActionMask = 2147483647;
			files = (
				352D787C2C94231200C6D1A3 /* MeteoUITests.swift in Sources */,
				352D787E2C94231200C6D1A3 /* MeteoUITestsLaunchTests.swift in Sources */,
			);
			runOnlyForDeploymentPostprocessing = 0;
		};
/* End PBXSourcesBuildPhase section */

/* Begin PBXTargetDependency section */
		352D786F2C94231200C6D1A3 /* PBXTargetDependency */ = {
			isa = PBXTargetDependency;
			target = 352D785C2C94230F00C6D1A3 /* Meteo */;
			targetProxy = 352D786E2C94231200C6D1A3 /* PBXContainerItemProxy */;
		};
		352D78792C94231200C6D1A3 /* PBXTargetDependency */ = {
			isa = PBXTargetDependency;
			target = 352D785C2C94230F00C6D1A3 /* Meteo */;
			targetProxy = 352D78782C94231200C6D1A3 /* PBXContainerItemProxy */;
		};
/* End PBXTargetDependency section */

/* Begin XCBuildConfiguration section */
		352D787F2C94231200C6D1A3 /* Debug */ = {
			isa = XCBuildConfiguration;
			buildSettings = {
				ALWAYS_SEARCH_USER_PATHS = NO;
				CLANG_ANALYZER_NONNULL = YES;
				CLANG_ANALYZER_NUMBER_OBJECT_CONVERSION = YES_AGGRESSIVE;
				CLANG_CXX_LANGUAGE_STANDARD = "gnu++20";
				CLANG_ENABLE_MODULES = YES;
				CLANG_ENABLE_OBJC_ARC = YES;
				CLANG_ENABLE_OBJC_WEAK = YES;
				CLANG_WARN_BLOCK_CAPTURE_AUTORELEASING = YES;
				CLANG_WARN_BOOL_CONVERSION = YES;
				CLANG_WARN_COMMA = YES;
				CLANG_WARN_CONSTANT_CONVERSION = YES;
				CLANG_WARN_DEPRECATED_OBJC_IMPLEMENTATIONS = YES;
				CLANG_WARN_DIRECT_OBJC_ISA_USAGE = YES_ERROR;
				CLANG_WARN_DOCUMENTATION_COMMENTS = YES;
				CLANG_WARN_EMPTY_BODY = YES;
				CLANG_WARN_ENUM_CONVERSION = YES;
				CLANG_WARN_INFINITE_RECURSION = YES;
				CLANG_WARN_INT_CONVERSION = YES;
				CLANG_WARN_NON_LITERAL_NULL_CONVERSION = YES;
				CLANG_WARN_OBJC_IMPLICIT_RETAIN_SELF = YES;
				CLANG_WARN_OBJC_LITERAL_CONVERSION = YES;
				CLANG_WARN_OBJC_ROOT_CLASS = YES_ERROR;
				CLANG_WARN_QUOTED_INCLUDE_IN_FRAMEWORK_HEADER = YES;
				CLANG_WARN_RANGE_LOOP_ANALYSIS = YES;
				CLANG_WARN_STRICT_PROTOTYPES = YES;
				CLANG_WARN_SUSPICIOUS_MOVE = YES;
				CLANG_WARN_UNGUARDED_AVAILABILITY = YES_AGGRESSIVE;
				CLANG_WARN_UNREACHABLE_CODE = YES;
				CLANG_WARN__DUPLICATE_METHOD_MATCH = YES;
				COPY_PHASE_STRIP = NO;
				DEBUG_INFORMATION_FORMAT = dwarf;
				ENABLE_STRICT_OBJC_MSGSEND = YES;
				ENABLE_TESTABILITY = YES;
				GCC_C_LANGUAGE_STANDARD = gnu11;
				GCC_DYNAMIC_NO_PIC = NO;
				GCC_NO_COMMON_BLOCKS = YES;
				GCC_OPTIMIZATION_LEVEL = 0;
				GCC_PREPROCESSOR_DEFINITIONS = (
					"DEBUG=1",
					"$(inherited)",
				);
				GCC_WARN_64_TO_32_BIT_CONVERSION = YES;
				GCC_WARN_ABOUT_RETURN_TYPE = YES_ERROR;
				GCC_WARN_UNDECLARED_SELECTOR = YES;
				GCC_WARN_UNINITIALIZED_AUTOS = YES_AGGRESSIVE;
				GCC_WARN_UNUSED_FUNCTION = YES;
				GCC_WARN_UNUSED_VARIABLE = YES;
				IPHONEOS_DEPLOYMENT_TARGET = 16.0;
				MTL_ENABLE_DEBUG_INFO = INCLUDE_SOURCE;
				MTL_FAST_MATH = YES;
				ONLY_ACTIVE_ARCH = YES;
				SDKROOT = iphoneos;
				SWIFT_ACTIVE_COMPILATION_CONDITIONS = DEBUG;
				SWIFT_OPTIMIZATION_LEVEL = "-Onone";
			};
			name = Debug;
		};
		352D78802C94231200C6D1A3 /* Release */ = {
			isa = XCBuildConfiguration;
			buildSettings = {
				ALWAYS_SEARCH_USER_PATHS = NO;
				CLANG_ANALYZER_NONNULL = YES;
				CLANG_ANALYZER_NUMBER_OBJECT_CONVERSION = YES_AGGRESSIVE;
				CLANG_CXX_LANGUAGE_STANDARD = "gnu++20";
				CLANG_ENABLE_MODULES = YES;
				CLANG_ENABLE_OBJC_ARC = YES;
				CLANG_ENABLE_OBJC_WEAK = YES;
				CLANG_WARN_BLOCK_CAPTURE_AUTORELEASING = YES;
				CLANG_WARN_BOOL_CONVERSION = YES;
				CLANG_WARN_COMMA = YES;
				CLANG_WARN_CONSTANT_CONVERSION = YES;
				CLANG_WARN_DEPRECATED_OBJC_IMPLEMENTATIONS = YES;
				CLANG_WARN_DIRECT_OBJC_ISA_USAGE = YES_ERROR;
				CLANG_WARN_DOCUMENTATION_COMMENTS = YES;
				CLANG_WARN_EMPTY_BODY = YES;
				CLANG_WARN_ENUM_CONVERSION = YES;
				CLANG_WARN_INFINITE_RECURSION = YES;
				CLANG_WARN_INT_CONVERSION = YES;
				CLANG_WARN_NON_LITERAL_NULL_CONVERSION = YES;
				CLANG_WARN_OBJC_IMPLICIT_RETAIN_SELF = YES;
				CLANG_WARN_OBJC_LITERAL_CONVERSION = YES;
				CLANG_WARN_OBJC_ROOT_CLASS = YES_ERROR;
				CLANG_WARN_QUOTED_INCLUDE_IN_FRAMEWORK_HEADER = YES;
				CLANG_WARN_RANGE_LOOP_ANALYSIS = YES;
				CLANG_WARN_STRICT_PROTOTYPES = YES;
				CLANG_WARN_SUSPICIOUS_MOVE = YES;
				CLANG_WARN_UNGUARDED_AVAILABILITY = YES_AGGRESSIVE;
				CLANG_WARN_UNREACHABLE_CODE = YES;
				CLANG_WARN__DUPLICATE_METHOD_MATCH = YES;
				COPY_PHASE_STRIP = NO;
				DEBUG_INFORMATION_FORMAT = "dwarf-with-dsym";
				ENABLE_NS_ASSERTIONS = NO;
				ENABLE_STRICT_OBJC_MSGSEND = YES;
				GCC_C_LANGUAGE_STANDARD = gnu11;
				GCC_NO_COMMON_BLOCKS = YES;
				GCC_WARN_64_TO_32_BIT_CONVERSION = YES;
				GCC_WARN_ABOUT_RETURN_TYPE = YES_ERROR;
				GCC_WARN_UNDECLARED_SELECTOR = YES;
				GCC_WARN_UNINITIALIZED_AUTOS = YES_AGGRESSIVE;
				GCC_WARN_UNUSED_FUNCTION = YES;
				GCC_WARN_UNUSED_VARIABLE = YES;
				IPHONEOS_DEPLOYMENT_TARGET = 16.0;
				MTL_ENABLE_DEBUG_INFO = NO;
				MTL_FAST_MATH = YES;
				SDKROOT = iphoneos;
				SWIFT_COMPILATION_MODE = wholemodule;
				SWIFT_OPTIMIZATION_LEVEL = "-O";
				VALIDATE_PRODUCT = YES;
			};
			name = Release;
		};
		352D78822C94231200C6D1A3 /* Debug */ = {
			isa = XCBuildConfiguration;
			buildSettings = {
				ASSETCATALOG_COMPILER_APPICON_NAME = AppIcon;
				ASSETCATALOG_COMPILER_GLOBAL_ACCENT_COLOR_NAME = AccentColor;
				CODE_SIGN_STYLE = Automatic;
				CURRENT_PROJECT_VERSION = 1;
				DEVELOPMENT_ASSET_PATHS = "\"Meteo/Preview Content\"";
				ENABLE_PREVIEWS = YES;
				GENERATE_INFOPLIST_FILE = YES;
				INFOPLIST_KEY_UIApplicationSceneManifest_Generation = YES;
				INFOPLIST_KEY_UIApplicationSupportsIndirectInputEvents = YES;
				INFOPLIST_KEY_UILaunchScreen_Generation = YES;
				INFOPLIST_KEY_UISupportedInterfaceOrientations_iPad = "UIInterfaceOrientationPortrait UIInterfaceOrientationPortraitUpsideDown UIInterfaceOrientationLandscapeLeft UIInterfaceOrientationLandscapeRight";
				INFOPLIST_KEY_UISupportedInterfaceOrientations_iPhone = "UIInterfaceOrientationPortrait UIInterfaceOrientationLandscapeLeft UIInterfaceOrientationLandscapeRight";
				LD_RUNPATH_SEARCH_PATHS = (
					"$(inherited)",
					"@executable_path/Frameworks",
				);
				MARKETING_VERSION = 1.0;
				PRODUCT_BUNDLE_IDENTIFIER = com.blanchard.Meteo;
				PRODUCT_NAME = "$(TARGET_NAME)";
				SWIFT_EMIT_LOC_STRINGS = YES;
				SWIFT_VERSION = 5.0;
				TARGETED_DEVICE_FAMILY = "1,2";
			};
			name = Debug;
		};
		352D78832C94231200C6D1A3 /* Release */ = {
			isa = XCBuildConfiguration;
			buildSettings = {
				ASSETCATALOG_COMPILER_APPICON_NAME = AppIcon;
				ASSETCATALOG_COMPILER_GLOBAL_ACCENT_COLOR_NAME = AccentColor;
				CODE_SIGN_STYLE = Automatic;
				CURRENT_PROJECT_VERSION = 1;
				DEVELOPMENT_ASSET_PATHS = "\"Meteo/Preview Content\"";
				ENABLE_PREVIEWS = YES;
				GENERATE_INFOPLIST_FILE = YES;
				INFOPLIST_KEY_UIApplicationSceneManifest_Generation = YES;
				INFOPLIST_KEY_UIApplicationSupportsIndirectInputEvents = YES;
				INFOPLIST_KEY_UILaunchScreen_Generation = YES;
				INFOPLIST_KEY_UISupportedInterfaceOrientations_iPad = "UIInterfaceOrientationPortrait UIInterfaceOrientationPortraitUpsideDown UIInterfaceOrientationLandscapeLeft UIInterfaceOrientationLandscapeRight";
				INFOPLIST_KEY_UISupportedInterfaceOrientations_iPhone = "UIInterfaceOrientationPortrait UIInterfaceOrientationLandscapeLeft UIInterfaceOrientationLandscapeRight";
				LD_RUNPATH_SEARCH_PATHS = (
					"$(inherited)",
					"@executable_path/Frameworks",
				);
				MARKETING_VERSION = 1.0;
				PRODUCT_BUNDLE_IDENTIFIER = com.blanchard.Meteo;
				PRODUCT_NAME = "$(TARGET_NAME)";
				SWIFT_EMIT_LOC_STRINGS = YES;
				SWIFT_VERSION = 5.0;
				TARGETED_DEVICE_FAMILY = "1,2";
			};
			name = Release;
		};
		352D78852C94231200C6D1A3 /* Debug */ = {
			isa = XCBuildConfiguration;
			buildSettings = {
				ALWAYS_EMBED_SWIFT_STANDARD_LIBRARIES = YES;
				BUNDLE_LOADER = "$(TEST_HOST)";
				CODE_SIGN_STYLE = Automatic;
				CURRENT_PROJECT_VERSION = 1;
				GENERATE_INFOPLIST_FILE = YES;
				IPHONEOS_DEPLOYMENT_TARGET = 16.0;
				MARKETING_VERSION = 1.0;
				PRODUCT_BUNDLE_IDENTIFIER = com.blanchard.MeteoTests;
				PRODUCT_NAME = "$(TARGET_NAME)";
				SWIFT_EMIT_LOC_STRINGS = NO;
				SWIFT_VERSION = 5.0;
				TARGETED_DEVICE_FAMILY = "1,2";
				TEST_HOST = "$(BUILT_PRODUCTS_DIR)/Meteo.app/$(BUNDLE_EXECUTABLE_FOLDER_PATH)/Meteo";
			};
			name = Debug;
		};
		352D78862C94231200C6D1A3 /* Release */ = {
			isa = XCBuildConfiguration;
			buildSettings = {
				ALWAYS_EMBED_SWIFT_STANDARD_LIBRARIES = YES;
				BUNDLE_LOADER = "$(TEST_HOST)";
				CODE_SIGN_STYLE = Automatic;
				CURRENT_PROJECT_VERSION = 1;
				GENERATE_INFOPLIST_FILE = YES;
				IPHONEOS_DEPLOYMENT_TARGET = 16.0;
				MARKETING_VERSION = 1.0;
				PRODUCT_BUNDLE_IDENTIFIER = com.blanchard.MeteoTests;
				PRODUCT_NAME = "$(TARGET_NAME)";
				SWIFT_EMIT_LOC_STRINGS = NO;
				SWIFT_VERSION = 5.0;
				TARGETED_DEVICE_FAMILY = "1,2";
				TEST_HOST = "$(BUILT_PRODUCTS_DIR)/Meteo.app/$(BUNDLE_EXECUTABLE_FOLDER_PATH)/Meteo";
			};
			name = Release;
		};
		352D78882C94231200C6D1A3 /* Debug */ = {
			isa = XCBuildConfiguration;
			buildSettings = {
				ALWAYS_EMBED_SWIFT_STANDARD_LIBRARIES = YES;
				CODE_SIGN_STYLE = Automatic;
				CURRENT_PROJECT_VERSION = 1;
				GENERATE_INFOPLIST_FILE = YES;
				MARKETING_VERSION = 1.0;
				PRODUCT_BUNDLE_IDENTIFIER = com.blanchard.MeteoUITests;
				PRODUCT_NAME = "$(TARGET_NAME)";
				SWIFT_EMIT_LOC_STRINGS = NO;
				SWIFT_VERSION = 5.0;
				TARGETED_DEVICE_FAMILY = "1,2";
				TEST_TARGET_NAME = Meteo;
			};
			name = Debug;
		};
		352D78892C94231200C6D1A3 /* Release */ = {
			isa = XCBuildConfiguration;
			buildSettings = {
				ALWAYS_EMBED_SWIFT_STANDARD_LIBRARIES = YES;
				CODE_SIGN_STYLE = Automatic;
				CURRENT_PROJECT_VERSION = 1;
				GENERATE_INFOPLIST_FILE = YES;
				MARKETING_VERSION = 1.0;
				PRODUCT_BUNDLE_IDENTIFIER = com.blanchard.MeteoUITests;
				PRODUCT_NAME = "$(TARGET_NAME)";
				SWIFT_EMIT_LOC_STRINGS = NO;
				SWIFT_VERSION = 5.0;
				TARGETED_DEVICE_FAMILY = "1,2";
				TEST_TARGET_NAME = Meteo;
			};
			name = Release;
		};
/* End XCBuildConfiguration section */

/* Begin XCConfigurationList section */
		352D78582C94230F00C6D1A3 /* Build configuration list for PBXProject "Meteo" */ = {
			isa = XCConfigurationList;
			buildConfigurations = (
				352D787F2C94231200C6D1A3 /* Debug */,
				352D78802C94231200C6D1A3 /* Release */,
			);
			defaultConfigurationIsVisible = 0;
			defaultConfigurationName = Release;
		};
		352D78812C94231200C6D1A3 /* Build configuration list for PBXNativeTarget "Meteo" */ = {
			isa = XCConfigurationList;
			buildConfigurations = (
				352D78822C94231200C6D1A3 /* Debug */,
				352D78832C94231200C6D1A3 /* Release */,
			);
			defaultConfigurationIsVisible = 0;
			defaultConfigurationName = Release;
		};
		352D78842C94231200C6D1A3 /* Build configuration list for PBXNativeTarget "MeteoTests" */ = {
			isa = XCConfigurationList;
			buildConfigurations = (
				352D78852C94231200C6D1A3 /* Debug */,
				352D78862C94231200C6D1A3 /* Release */,
			);
			defaultConfigurationIsVisible = 0;
			defaultConfigurationName = Release;
		};
		352D78872C94231200C6D1A3 /* Build configuration list for PBXNativeTarget "MeteoUITests" */ = {
			isa = XCConfigurationList;
			buildConfigurations = (
				352D78882C94231200C6D1A3 /* Debug */,
				352D78892C94231200C6D1A3 /* Release */,
			);
			defaultConfigurationIsVisible = 0;
			defaultConfigurationName = Release;
		};
/* End XCConfigurationList section */
	};
	rootObject = 352D78552C94230F00C6D1A3 /* Project object */;
}
